// !$*UTF8*$!
{
	archiveVersion = 1;
	classes = {
	};
	objectVersion = 48;
	objects = {

/* Begin PBXBuildFile section */
		6EBFC07B20141DA70079BE5C /* Colour.swift in Sources */ = {isa = PBXBuildFile; fileRef = 6EBFC07A20141DA70079BE5C /* Colour.swift */; };
		6EBFC07D2014213E0079BE5C /* EndPosition.swift in Sources */ = {isa = PBXBuildFile; fileRef = 6EBFC07C2014213E0079BE5C /* EndPosition.swift */; };
		6EBFC07F201421CA0079BE5C /* Type.swift in Sources */ = {isa = PBXBuildFile; fileRef = 6EBFC07E201421CA0079BE5C /* Type.swift */; };
		6EBFC08120145D3B0079BE5C /* RandomPosition.swift in Sources */ = {isa = PBXBuildFile; fileRef = 6EBFC08020145D3B0079BE5C /* RandomPosition.swift */; };
		6EBFC08320145D6C0079BE5C /* GenerateObject.swift in Sources */ = {isa = PBXBuildFile; fileRef = 6EBFC08220145D6C0079BE5C /* GenerateObject.swift */; };
		6EC0D2A6201359B2004FF4C2 /* AppDelegate.swift in Sources */ = {isa = PBXBuildFile; fileRef = 6EC0D2A5201359B2004FF4C2 /* AppDelegate.swift */; };
		6EC0D2A8201359B2004FF4C2 /* ViewController.swift in Sources */ = {isa = PBXBuildFile; fileRef = 6EC0D2A7201359B2004FF4C2 /* ViewController.swift */; };
		6EC0D2AB201359B2004FF4C2 /* Main.storyboard in Resources */ = {isa = PBXBuildFile; fileRef = 6EC0D2A9201359B2004FF4C2 /* Main.storyboard */; };
		6EC0D2AD201359B2004FF4C2 /* Assets.xcassets in Resources */ = {isa = PBXBuildFile; fileRef = 6EC0D2AC201359B2004FF4C2 /* Assets.xcassets */; };
		6EC0D2B0201359B2004FF4C2 /* LaunchScreen.storyboard in Resources */ = {isa = PBXBuildFile; fileRef = 6EC0D2AE201359B2004FF4C2 /* LaunchScreen.storyboard */; };
		6EC0D2BA20135D6A004FF4C2 /* CharacterClass.swift in Sources */ = {isa = PBXBuildFile; fileRef = 6EC0D2B920135D6A004FF4C2 /* CharacterClass.swift */; };
		6EC0D2BE2013795F004FF4C2 /* Position.swift in Sources */ = {isa = PBXBuildFile; fileRef = 6EC0D2BD2013795F004FF4C2 /* Position.swift */; };
/* End PBXBuildFile section */

/* Begin PBXFileReference section */
		6EBFC07A20141DA70079BE5C /* Colour.swift */ = {isa = PBXFileReference; lastKnownFileType = sourcecode.swift; path = Colour.swift; sourceTree = "<group>"; };
		6EBFC07C2014213E0079BE5C /* EndPosition.swift */ = {isa = PBXFileReference; lastKnownFileType = sourcecode.swift; path = EndPosition.swift; sourceTree = "<group>"; };
		6EBFC07E201421CA0079BE5C /* Type.swift */ = {isa = PBXFileReference; lastKnownFileType = sourcecode.swift; path = Type.swift; sourceTree = "<group>"; };
		6EBFC08020145D3B0079BE5C /* RandomPosition.swift */ = {isa = PBXFileReference; lastKnownFileType = sourcecode.swift; path = RandomPosition.swift; sourceTree = "<group>"; };
		6EBFC08220145D6C0079BE5C /* GenerateObject.swift */ = {isa = PBXFileReference; lastKnownFileType = sourcecode.swift; path = GenerateObject.swift; sourceTree = "<group>"; };
		6EC0D2A2201359B2004FF4C2 /* Move.app */ = {isa = PBXFileReference; explicitFileType = wrapper.application; includeInIndex = 0; path = Move.app; sourceTree = BUILT_PRODUCTS_DIR; };
		6EC0D2A5201359B2004FF4C2 /* AppDelegate.swift */ = {isa = PBXFileReference; lastKnownFileType = sourcecode.swift; path = AppDelegate.swift; sourceTree = "<group>"; };
		6EC0D2A7201359B2004FF4C2 /* ViewController.swift */ = {isa = PBXFileReference; lastKnownFileType = sourcecode.swift; path = ViewController.swift; sourceTree = "<group>"; };
		6EC0D2AA201359B2004FF4C2 /* Base */ = {isa = PBXFileReference; lastKnownFileType = file.storyboard; name = Base; path = Base.lproj/Main.storyboard; sourceTree = "<group>"; };
		6EC0D2AC201359B2004FF4C2 /* Assets.xcassets */ = {isa = PBXFileReference; lastKnownFileType = folder.assetcatalog; path = Assets.xcassets; sourceTree = "<group>"; };
		6EC0D2AF201359B2004FF4C2 /* Base */ = {isa = PBXFileReference; lastKnownFileType = file.storyboard; name = Base; path = Base.lproj/LaunchScreen.storyboard; sourceTree = "<group>"; };
		6EC0D2B1201359B2004FF4C2 /* Info.plist */ = {isa = PBXFileReference; lastKnownFileType = text.plist.xml; path = Info.plist; sourceTree = "<group>"; };
		6EC0D2B920135D6A004FF4C2 /* CharacterClass.swift */ = {isa = PBXFileReference; lastKnownFileType = sourcecode.swift; path = CharacterClass.swift; sourceTree = "<group>"; };
		6EC0D2BD2013795F004FF4C2 /* Position.swift */ = {isa = PBXFileReference; lastKnownFileType = sourcecode.swift; path = Position.swift; sourceTree = "<group>"; };
/* End PBXFileReference section */

/* Begin PBXFrameworksBuildPhase section */
		6EC0D29F201359B2004FF4C2 /* Frameworks */ = {
			isa = PBXFrameworksBuildPhase;
			buildActionMask = 2147483647;
			files = (
			);
			runOnlyForDeploymentPostprocessing = 0;
		};
/* End PBXFrameworksBuildPhase section */

/* Begin PBXGroup section */
		6EBFC08420145DA40079BE5C /* Algorithm Extensions */ = {
			isa = PBXGroup;
			children = (
				6EBFC08020145D3B0079BE5C /* RandomPosition.swift */,
				6EBFC08220145D6C0079BE5C /* GenerateObject.swift */,
			);
			path = "Algorithm Extensions";
			sourceTree = "<group>";
		};
		6EC0D299201359B2004FF4C2 = {
			isa = PBXGroup;
			children = (
				6EC0D2A4201359B2004FF4C2 /* Move */,
				6EC0D2A3201359B2004FF4C2 /* Products */,
			);
			sourceTree = "<group>";
		};
		6EC0D2A3201359B2004FF4C2 /* Products */ = {
			isa = PBXGroup;
			children = (
				6EC0D2A2201359B2004FF4C2 /* Move.app */,
			);
			name = Products;
			sourceTree = "<group>";
		};
		6EC0D2A4201359B2004FF4C2 /* Move */ = {
			isa = PBXGroup;
			children = (
				6EC0D2A5201359B2004FF4C2 /* AppDelegate.swift */,
				6EBFC07A20141DA70079BE5C /* Colour.swift */,
				6EBFC07E201421CA0079BE5C /* Type.swift */,
				6EC0D2BD2013795F004FF4C2 /* Position.swift */,
				6EBFC07C2014213E0079BE5C /* EndPosition.swift */,
				6EC0D2B920135D6A004FF4C2 /* CharacterClass.swift */,
				6EC0D2A7201359B2004FF4C2 /* ViewController.swift */,
				6EBFC08420145DA40079BE5C /* Algorithm Extensions */,
				6EC0D2A9201359B2004FF4C2 /* Main.storyboard */,
				6EC0D2AE201359B2004FF4C2 /* LaunchScreen.storyboard */,
				6EC0D2AC201359B2004FF4C2 /* Assets.xcassets */,
				6EC0D2B1201359B2004FF4C2 /* Info.plist */,
			);
			path = Move;
			sourceTree = "<group>";
		};
/* End PBXGroup section */

/* Begin PBXNativeTarget section */
		6EC0D2A1201359B2004FF4C2 /* Move */ = {
			isa = PBXNativeTarget;
			buildConfigurationList = 6EC0D2B4201359B2004FF4C2 /* Build configuration list for PBXNativeTarget "Move" */;
			buildPhases = (
				6EC0D29E201359B2004FF4C2 /* Sources */,
				6EC0D29F201359B2004FF4C2 /* Frameworks */,
				6EC0D2A0201359B2004FF4C2 /* Resources */,
			);
			buildRules = (
			);
			dependencies = (
			);
			name = Move;
			productName = Move;
			productReference = 6EC0D2A2201359B2004FF4C2 /* Move.app */;
			productType = "com.apple.product-type.application";
		};
/* End PBXNativeTarget section */

/* Begin PBXProject section */
		6EC0D29A201359B2004FF4C2 /* Project object */ = {
			isa = PBXProject;
			attributes = {
				LastSwiftUpdateCheck = 0920;
				LastUpgradeCheck = 0920;
				ORGANIZATIONNAME = james;
				TargetAttributes = {
					6EC0D2A1201359B2004FF4C2 = {
						CreatedOnToolsVersion = 9.2;
						ProvisioningStyle = Automatic;
					};
				};
			};
			buildConfigurationList = 6EC0D29D201359B2004FF4C2 /* Build configuration list for PBXProject "Move" */;
			compatibilityVersion = "Xcode 8.0";
			developmentRegion = en;
			hasScannedForEncodings = 0;
			knownRegions = (
				en,
				Base,
			);
			mainGroup = 6EC0D299201359B2004FF4C2;
			productRefGroup = 6EC0D2A3201359B2004FF4C2 /* Products */;
			projectDirPath = "";
			projectRoot = "";
			targets = (
				6EC0D2A1201359B2004FF4C2 /* Move */,
			);
		};
/* End PBXProject section */

/* Begin PBXResourcesBuildPhase section */
		6EC0D2A0201359B2004FF4C2 /* Resources */ = {
			isa = PBXResourcesBuildPhase;
			buildActionMask = 2147483647;
			files = (
				6EC0D2B0201359B2004FF4C2 /* LaunchScreen.storyboard in Resources */,
				6EC0D2AD201359B2004FF4C2 /* Assets.xcassets in Resources */,
				6EC0D2AB201359B2004FF4C2 /* Main.storyboard in Resources */,
			);
			runOnlyForDeploymentPostprocessing = 0;
		};
/* End PBXResourcesBuildPhase section */

/* Begin PBXSourcesBuildPhase section */
		6EC0D29E201359B2004FF4C2 /* Sources */ = {
			isa = PBXSourcesBuildPhase;
			buildActionMask = 2147483647;
			files = (
				6EBFC08320145D6C0079BE5C /* GenerateObject.swift in Sources */,
				6EBFC07B20141DA70079BE5C /* Colour.swift in Sources */,
				6EC0D2BE2013795F004FF4C2 /* Position.swift in Sources */,
				6EBFC07D2014213E0079BE5C /* EndPosition.swift in Sources */,
				6EBFC07F201421CA0079BE5C /* Type.swift in Sources */,
				6EC0D2A8201359B2004FF4C2 /* ViewController.swift in Sources */,
				6EBFC08120145D3B0079BE5C /* RandomPosition.swift in Sources */,
				6EC0D2BA20135D6A004FF4C2 /* CharacterClass.swift in Sources */,
				6EC0D2A6201359B2004FF4C2 /* AppDelegate.swift in Sources */,
			);
			runOnlyForDeploymentPostprocessing = 0;
		};
/* End PBXSourcesBuildPhase section */

/* Begin PBXVariantGroup section */
		6EC0D2A9201359B2004FF4C2 /* Main.storyboard */ = {
			isa = PBXVariantGroup;
			children = (
				6EC0D2AA201359B2004FF4C2 /* Base */,
			);
			name = Main.storyboard;
			sourceTree = "<group>";
		};
		6EC0D2AE201359B2004FF4C2 /* LaunchScreen.storyboard */ = {
			isa = PBXVariantGroup;
			children = (
				6EC0D2AF201359B2004FF4C2 /* Base */,
			);
			name = LaunchScreen.storyboard;
			sourceTree = "<group>";
		};
/* End PBXVariantGroup section */

/* Begin XCBuildConfiguration section */
		6EC0D2B2201359B2004FF4C2 /* Debug */ = {
			isa = XCBuildConfiguration;
			buildSettings = {
				ALWAYS_SEARCH_USER_PATHS = NO;
				CLANG_ANALYZER_NONNULL = YES;
				CLANG_ANALYZER_NUMBER_OBJECT_CONVERSION = YES_AGGRESSIVE;
				CLANG_CXX_LANGUAGE_STANDARD = "gnu++14";
				CLANG_CXX_LIBRARY = "libc++";
				CLANG_ENABLE_MODULES = YES;
				CLANG_ENABLE_OBJC_ARC = YES;
				CLANG_WARN_BLOCK_CAPTURE_AUTORELEASING = YES;
				CLANG_WARN_BOOL_CONVERSION = YES;
				CLANG_WARN_COMMA = YES;
				CLANG_WARN_CONSTANT_CONVERSION = YES;
				CLANG_WARN_DIRECT_OBJC_ISA_USAGE = YES_ERROR;
				CLANG_WARN_DOCUMENTATION_COMMENTS = YES;
				CLANG_WARN_EMPTY_BODY = YES;
				CLANG_WARN_ENUM_CONVERSION = YES;
				CLANG_WARN_INFINITE_RECURSION = YES;
				CLANG_WARN_INT_CONVERSION = YES;
				CLANG_WARN_NON_LITERAL_NULL_CONVERSION = YES;
				CLANG_WARN_OBJC_LITERAL_CONVERSION = YES;
				CLANG_WARN_OBJC_ROOT_CLASS = YES_ERROR;
				CLANG_WARN_RANGE_LOOP_ANALYSIS = YES;
				CLANG_WARN_STRICT_PROTOTYPES = YES;
				CLANG_WARN_SUSPICIOUS_MOVE = YES;
				CLANG_WARN_UNGUARDED_AVAILABILITY = YES_AGGRESSIVE;
				CLANG_WARN_UNREACHABLE_CODE = YES;
				CLANG_WARN__DUPLICATE_METHOD_MATCH = YES;
				CODE_SIGN_IDENTITY = "iPhone Developer";
				COPY_PHASE_STRIP = NO;
				DEBUG_INFORMATION_FORMAT = dwarf;
				ENABLE_STRICT_OBJC_MSGSEND = YES;
				ENABLE_TESTABILITY = YES;
				GCC_C_LANGUAGE_STANDARD = gnu11;
				GCC_DYNAMIC_NO_PIC = NO;
				GCC_NO_COMMON_BLOCKS = YES;
				GCC_OPTIMIZATION_LEVEL = 0;
				GCC_PREPROCESSOR_DEFINITIONS = (
					"DEBUG=1",
					"$(inherited)",
				);
				GCC_WARN_64_TO_32_BIT_CONVERSION = YES;
				GCC_WARN_ABOUT_RETURN_TYPE = YES_ERROR;
				GCC_WARN_UNDECLARED_SELECTOR = YES;
				GCC_WARN_UNINITIALIZED_AUTOS = YES_AGGRESSIVE;
				GCC_WARN_UNUSED_FUNCTION = YES;
				GCC_WARN_UNUSED_VARIABLE = YES;
				IPHONEOS_DEPLOYMENT_TARGET = 11.2;
				MTL_ENABLE_DEBUG_INFO = YES;
				ONLY_ACTIVE_ARCH = YES;
				SDKROOT = iphoneos;
				SWIFT_ACTIVE_COMPILATION_CONDITIONS = DEBUG;
				SWIFT_OPTIMIZATION_LEVEL = "-Onone";
			};
			name = Debug;
		};
		6EC0D2B3201359B2004FF4C2 /* Release */ = {
			isa = XCBuildConfiguration;
			buildSettings = {
				ALWAYS_SEARCH_USER_PATHS = NO;
				CLANG_ANALYZER_NONNULL = YES;
				CLANG_ANALYZER_NUMBER_OBJECT_CONVERSION = YES_AGGRESSIVE;
				CLANG_CXX_LANGUAGE_STANDARD = "gnu++14";
				CLANG_CXX_LIBRARY = "libc++";
				CLANG_ENABLE_MODULES = YES;
				CLANG_ENABLE_OBJC_ARC = YES;
				CLANG_WARN_BLOCK_CAPTURE_AUTORELEASING = YES;
				CLANG_WARN_BOOL_CONVERSION = YES;
				CLANG_WARN_COMMA = YES;
				CLANG_WARN_CONSTANT_CONVERSION = YES;
				CLANG_WARN_DIRECT_OBJC_ISA_USAGE = YES_ERROR;
				CLANG_WARN_DOCUMENTATION_COMMENTS = YES;
				CLANG_WARN_EMPTY_BODY = YES;
				CLANG_WARN_ENUM_CONVERSION = YES;
				CLANG_WARN_INFINITE_RECURSION = YES;
				CLANG_WARN_INT_CONVERSION = YES;
				CLANG_WARN_NON_LITERAL_NULL_CONVERSION = YES;
				CLANG_WARN_OBJC_LITERAL_CONVERSION = YES;
				CLANG_WARN_OBJC_ROOT_CLASS = YES_ERROR;
				CLANG_WARN_RANGE_LOOP_ANALYSIS = YES;
				CLANG_WARN_STRICT_PROTOTYPES = YES;
				CLANG_WARN_SUSPICIOUS_MOVE = YES;
				CLANG_WARN_UNGUARDED_AVAILABILITY = YES_AGGRESSIVE;
				CLANG_WARN_UNREACHABLE_CODE = YES;
				CLANG_WARN__DUPLICATE_METHOD_MATCH = YES;
				CODE_SIGN_IDENTITY = "iPhone Developer";
				COPY_PHASE_STRIP = NO;
				DEBUG_INFORMATION_FORMAT = "dwarf-with-dsym";
				ENABLE_NS_ASSERTIONS = NO;
				ENABLE_STRICT_OBJC_MSGSEND = YES;
				GCC_C_LANGUAGE_STANDARD = gnu11;
				GCC_NO_COMMON_BLOCKS = YES;
				GCC_WARN_64_TO_32_BIT_CONVERSION = YES;
				GCC_WARN_ABOUT_RETURN_TYPE = YES_ERROR;
				GCC_WARN_UNDECLARED_SELECTOR = YES;
				GCC_WARN_UNINITIALIZED_AUTOS = YES_AGGRESSIVE;
				GCC_WARN_UNUSED_FUNCTION = YES;
				GCC_WARN_UNUSED_VARIABLE = YES;
				IPHONEOS_DEPLOYMENT_TARGET = 11.2;
				MTL_ENABLE_DEBUG_INFO = NO;
				SDKROOT = iphoneos;
				SWIFT_OPTIMIZATION_LEVEL = "-Owholemodule";
				VALIDATE_PRODUCT = YES;
			};
			name = Release;
		};
		6EC0D2B5201359B2004FF4C2 /* Debug */ = {
			isa = XCBuildConfiguration;
			buildSettings = {
				ASSETCATALOG_COMPILER_APPICON_NAME = AppIcon;
				CODE_SIGN_STYLE = Automatic;
				DEVELOPMENT_TEAM = 86R4D6VBCN;
				INFOPLIST_FILE = Move/Info.plist;
				LD_RUNPATH_SEARCH_PATHS = "$(inherited) @executable_path/Frameworks";
				PRODUCT_BUNDLE_IDENTIFIER = james.Move;
				PRODUCT_NAME = "$(TARGET_NAME)";
				SWIFT_VERSION = 4.0;
				TARGETED_DEVICE_FAMILY = "1,2";
			};
			name = Debug;
		};
		6EC0D2B6201359B2004FF4C2 /* Release */ = {
			isa = XCBuildConfiguration;
			buildSettings = {
				ASSETCATALOG_COMPILER_APPICON_NAME = AppIcon;
				CODE_SIGN_STYLE = Automatic;
				DEVELOPMENT_TEAM = 86R4D6VBCN;
				INFOPLIST_FILE = Move/Info.plist;
				LD_RUNPATH_SEARCH_PATHS = "$(inherited) @executable_path/Frameworks";
				PRODUCT_BUNDLE_IDENTIFIER = james.Move;
				PRODUCT_NAME = "$(TARGET_NAME)";
				SWIFT_VERSION = 4.0;
				TARGETED_DEVICE_FAMILY = "1,2";
			};
			name = Release;
		};
/* End XCBuildConfiguration section */

/* Begin XCConfigurationList section */
		6EC0D29D201359B2004FF4C2 /* Build configuration list for PBXProject "Move" */ = {
			isa = XCConfigurationList;
			buildConfigurations = (
				6EC0D2B2201359B2004FF4C2 /* Debug */,
				6EC0D2B3201359B2004FF4C2 /* Release */,
			);
			defaultConfigurationIsVisible = 0;
			defaultConfigurationName = Release;
		};
		6EC0D2B4201359B2004FF4C2 /* Build configuration list for PBXNativeTarget "Move" */ = {
			isa = XCConfigurationList;
			buildConfigurations = (
				6EC0D2B5201359B2004FF4C2 /* Debug */,
				6EC0D2B6201359B2004FF4C2 /* Release */,
			);
			defaultConfigurationIsVisible = 0;
			defaultConfigurationName = Release;
		};
/* End XCConfigurationList section */
	};
	rootObject = 6EC0D29A201359B2004FF4C2 /* Project object */;
}
